
Microsoft Visual Studio Solution File, Format Version 12.00
# Visual Studio 15
VisualStudioVersion = 15.0.27130.2036
MinimumVisualStudioVersion = 10.0.40219.1
Project("{2150E333-8FDC-42A3-9474-1A3956D46DE8}") = "01. Basics", "01. Basics", "{3297F29E-8FD1-48A3-B810-260002520071}"
	ProjectSection(SolutionItems) = preProject
		Easy Exercises\01. Basic Assignments.txt = Easy Exercises\01. Basic Assignments.txt
	EndProjectSection
EndProject
Project("{FAE04EC0-301F-11D3-BF4B-00C04F79EFBC}") = "01. Questions", "Easy Exercises\01. Questions\01. Questions.csproj", "{F1E499E7-DDDB-4EC6-8A09-F7AA3A9FDE47}"
EndProject
Project("{2150E333-8FDC-42A3-9474-1A3956D46DE8}") = "02. Data Types", "02. Data Types", "{3BE00B75-9998-4C6D-86E8-0FC07AF0952C}"
	ProjectSection(SolutionItems) = preProject
		Easy Exercises\02. Data Type.txt = Easy Exercises\02. Data Type.txt
	EndProjectSection
EndProject
Project("{FAE04EC0-301F-11D3-BF4B-00C04F79EFBC}") = "03. Questions", "Easy Exercises\03. Questions\03. Questions.csproj", "{CF7199EE-4A4F-45C1-AE05-EC2E75ED9D10}"
EndProject
Project("{FAE04EC0-301F-11D3-BF4B-00C04F79EFBC}") = "04. Answers", "Easy Exercises\04. Answers\04. Answers.csproj", "{897F4A96-5F9F-4242-8F01-B37B6B078B91}"
EndProject
Project("{FAE04EC0-301F-11D3-BF4B-00C04F79EFBC}") = "02. Answers", "Easy Exercises\02. Answers\02. Answers.csproj", "{2885C832-420C-467B-AD0E-5580E8C6C8A5}"
EndProject
Project("{2150E333-8FDC-42A3-9474-1A3956D46DE8}") = "03. Conditional Statements", "03. Conditional Statements", "{B72D5A24-560B-44AF-8D84-051BCF6287C4}"
	ProjectSection(SolutionItems) = preProject
		Easy Exercises\03. Conditional Statements.txt = Easy Exercises\03. Conditional Statements.txt
	EndProjectSection
EndProject
Project("{FAE04EC0-301F-11D3-BF4B-00C04F79EFBC}") = "05. Questions", "Easy Exercises\05. Questions\05. Questions.csproj", "{FEA1F2F4-AACA-46C1-B9DE-8E86E40A99A8}"
EndProject
Project("{FAE04EC0-301F-11D3-BF4B-00C04F79EFBC}") = "06. Answers", "Easy Exercises\06. Answers\06. Answers.csproj", "{29F15C98-F8C3-4314-8ACB-9895BD8C3A5B}"
EndProject
Project("{2150E333-8FDC-42A3-9474-1A3956D46DE8}") = "04. For Loop", "04. For Loop", "{4AB0B8C5-4AC1-4E3A-8486-42F8AA66C7B3}"
	ProjectSection(SolutionItems) = preProject
		Easy Exercises\04. For Loop.txt = Easy Exercises\04. For Loop.txt
	EndProjectSection
EndProject
Project("{FAE04EC0-301F-11D3-BF4B-00C04F79EFBC}") = "07. Questions", "Easy Exercises\07. Questions\07. Questions.csproj", "{986B610A-942E-43DB-8813-0302A8A8A52E}"
EndProject
Project("{FAE04EC0-301F-11D3-BF4B-00C04F79EFBC}") = "08. Answers", "Easy Exercises\08. Answers\08. Answers.csproj", "{C7B42267-68F1-41CA-B927-473867FAF88D}"
EndProject
Project("{2150E333-8FDC-42A3-9474-1A3956D46DE8}") = "05. Array", "05. Array", "{8DB5CD27-8096-45B3-AA4B-49D41B041B5C}"
	ProjectSection(SolutionItems) = preProject
		Easy Exercises\05. Arrays.txt = Easy Exercises\05. Arrays.txt
	EndProjectSection
EndProject
Project("{FAE04EC0-301F-11D3-BF4B-00C04F79EFBC}") = "09. Questions", "Easy Exercises\09. Questions\09. Questions.csproj", "{453485DF-87CD-49A0-9082-BC98D5FB316F}"
EndProject
Project("{FAE04EC0-301F-11D3-BF4B-00C04F79EFBC}") = "10. Answers", "Easy Exercises\10. Answers\10. Answers.csproj", "{B38A5040-CB57-49C4-8358-4D0A721A1CD9}"
EndProject
Project("{2150E333-8FDC-42A3-9474-1A3956D46DE8}") = "06. Searching and Sorting", "06. Searching and Sorting", "{EE90FD0C-05A6-4F96-B8BD-7D0E7C4AA340}"
	ProjectSection(SolutionItems) = preProject
		Easy Exercises\06. Searching and Sorting.txt = Easy Exercises\06. Searching and Sorting.txt
	EndProjectSection
EndProject
Project("{FAE04EC0-301F-11D3-BF4B-00C04F79EFBC}") = "11. Questions", "Easy Exercises\11. Questions\11. Questions.csproj", "{3DB8246D-FCDE-43D7-B7FF-F95520A795CD}"
EndProject
Project("{FAE04EC0-301F-11D3-BF4B-00C04F79EFBC}") = "12. Answers", "Easy Exercises\12. Answers\12. Answers.csproj", "{8D6D3AF0-A622-4A1E-A974-FCF02894E00F}"
EndProject
Project("{2150E333-8FDC-42A3-9474-1A3956D46DE8}") = "07. String", "07. String", "{3FAA6E68-7A9C-471A-B3DF-FB2155240904}"
	ProjectSection(SolutionItems) = preProject
		Easy Exercises\07. String.txt = Easy Exercises\07. String.txt
	EndProjectSection
EndProject
Project("{FAE04EC0-301F-11D3-BF4B-00C04F79EFBC}") = "13. Questions", "Easy Exercises\13. Questions\13. Questions.csproj", "{53CA0EE4-7081-4736-8591-9B9AB02BD347}"
EndProject
Project("{FAE04EC0-301F-11D3-BF4B-00C04F79EFBC}") = "14. Answers", "Easy Exercises\14. Answers\14. Answers.csproj", "{E3997E63-3A84-4D2B-8523-7DE0CBB4EDA6}"
EndProject
Project("{2150E333-8FDC-42A3-9474-1A3956D46DE8}") = "08. Function", "08. Function", "{3F1911EC-5CED-4326-9934-59F36B277E2A}"
	ProjectSection(SolutionItems) = preProject
		Easy Exercises\08. Function.txt = Easy Exercises\08. Function.txt
	EndProjectSection
EndProject
Project("{FAE04EC0-301F-11D3-BF4B-00C04F79EFBC}") = "15. Questions", "Easy Exercises\15. Questions\15. Questions.csproj", "{EEB5E513-1427-4BE1-9FA0-6D67C3A0B62C}"
EndProject
Project("{FAE04EC0-301F-11D3-BF4B-00C04F79EFBC}") = "16. Answers", "Easy Exercises\16. Answers\16. Answers.csproj", "{6921E709-B718-44D2-96CD-D6100BC8F629}"
EndProject
Global
	GlobalSection(SolutionConfigurationPlatforms) = preSolution
		Debug|Any CPU = Debug|Any CPU
		Release|Any CPU = Release|Any CPU
	EndGlobalSection
	GlobalSection(ProjectConfigurationPlatforms) = postSolution
		{F1E499E7-DDDB-4EC6-8A09-F7AA3A9FDE47}.Debug|Any CPU.ActiveCfg = Debug|Any CPU
		{F1E499E7-DDDB-4EC6-8A09-F7AA3A9FDE47}.Debug|Any CPU.Build.0 = Debug|Any CPU
		{F1E499E7-DDDB-4EC6-8A09-F7AA3A9FDE47}.Release|Any CPU.ActiveCfg = Release|Any CPU
		{F1E499E7-DDDB-4EC6-8A09-F7AA3A9FDE47}.Release|Any CPU.Build.0 = Release|Any CPU
		{CF7199EE-4A4F-45C1-AE05-EC2E75ED9D10}.Debug|Any CPU.ActiveCfg = Debug|Any CPU
		{CF7199EE-4A4F-45C1-AE05-EC2E75ED9D10}.Debug|Any CPU.Build.0 = Debug|Any CPU
		{CF7199EE-4A4F-45C1-AE05-EC2E75ED9D10}.Release|Any CPU.ActiveCfg = Release|Any CPU
		{CF7199EE-4A4F-45C1-AE05-EC2E75ED9D10}.Release|Any CPU.Build.0 = Release|Any CPU
		{897F4A96-5F9F-4242-8F01-B37B6B078B91}.Debug|Any CPU.ActiveCfg = Debug|Any CPU
		{897F4A96-5F9F-4242-8F01-B37B6B078B91}.Debug|Any CPU.Build.0 = Debug|Any CPU
		{897F4A96-5F9F-4242-8F01-B37B6B078B91}.Release|Any CPU.ActiveCfg = Release|Any CPU
		{897F4A96-5F9F-4242-8F01-B37B6B078B91}.Release|Any CPU.Build.0 = Release|Any CPU
		{2885C832-420C-467B-AD0E-5580E8C6C8A5}.Debug|Any CPU.ActiveCfg = Debug|Any CPU
		{2885C832-420C-467B-AD0E-5580E8C6C8A5}.Debug|Any CPU.Build.0 = Debug|Any CPU
		{2885C832-420C-467B-AD0E-5580E8C6C8A5}.Release|Any CPU.ActiveCfg = Release|Any CPU
		{2885C832-420C-467B-AD0E-5580E8C6C8A5}.Release|Any CPU.Build.0 = Release|Any CPU
		{FEA1F2F4-AACA-46C1-B9DE-8E86E40A99A8}.Debug|Any CPU.ActiveCfg = Debug|Any CPU
		{FEA1F2F4-AACA-46C1-B9DE-8E86E40A99A8}.Debug|Any CPU.Build.0 = Debug|Any CPU
		{FEA1F2F4-AACA-46C1-B9DE-8E86E40A99A8}.Release|Any CPU.ActiveCfg = Release|Any CPU
		{FEA1F2F4-AACA-46C1-B9DE-8E86E40A99A8}.Release|Any CPU.Build.0 = Release|Any CPU
		{29F15C98-F8C3-4314-8ACB-9895BD8C3A5B}.Debug|Any CPU.ActiveCfg = Debug|Any CPU
		{29F15C98-F8C3-4314-8ACB-9895BD8C3A5B}.Debug|Any CPU.Build.0 = Debug|Any CPU
		{29F15C98-F8C3-4314-8ACB-9895BD8C3A5B}.Release|Any CPU.ActiveCfg = Release|Any CPU
		{29F15C98-F8C3-4314-8ACB-9895BD8C3A5B}.Release|Any CPU.Build.0 = Release|Any CPU
		{986B610A-942E-43DB-8813-0302A8A8A52E}.Debug|Any CPU.ActiveCfg = Debug|Any CPU
		{986B610A-942E-43DB-8813-0302A8A8A52E}.Debug|Any CPU.Build.0 = Debug|Any CPU
		{986B610A-942E-43DB-8813-0302A8A8A52E}.Release|Any CPU.ActiveCfg = Release|Any CPU
		{986B610A-942E-43DB-8813-0302A8A8A52E}.Release|Any CPU.Build.0 = Release|Any CPU
		{C7B42267-68F1-41CA-B927-473867FAF88D}.Debug|Any CPU.ActiveCfg = Debug|Any CPU
		{C7B42267-68F1-41CA-B927-473867FAF88D}.Debug|Any CPU.Build.0 = Debug|Any CPU
		{C7B42267-68F1-41CA-B927-473867FAF88D}.Release|Any CPU.ActiveCfg = Release|Any CPU
		{C7B42267-68F1-41CA-B927-473867FAF88D}.Release|Any CPU.Build.0 = Release|Any CPU
		{453485DF-87CD-49A0-9082-BC98D5FB316F}.Debug|Any CPU.ActiveCfg = Debug|Any CPU
		{453485DF-87CD-49A0-9082-BC98D5FB316F}.Debug|Any CPU.Build.0 = Debug|Any CPU
		{453485DF-87CD-49A0-9082-BC98D5FB316F}.Release|Any CPU.ActiveCfg = Release|Any CPU
		{453485DF-87CD-49A0-9082-BC98D5FB316F}.Release|Any CPU.Build.0 = Release|Any CPU
		{B38A5040-CB57-49C4-8358-4D0A721A1CD9}.Debug|Any CPU.ActiveCfg = Debug|Any CPU
		{B38A5040-CB57-49C4-8358-4D0A721A1CD9}.Debug|Any CPU.Build.0 = Debug|Any CPU
		{B38A5040-CB57-49C4-8358-4D0A721A1CD9}.Release|Any CPU.ActiveCfg = Release|Any CPU
		{B38A5040-CB57-49C4-8358-4D0A721A1CD9}.Release|Any CPU.Build.0 = Release|Any CPU
		{3DB8246D-FCDE-43D7-B7FF-F95520A795CD}.Debug|Any CPU.ActiveCfg = Debug|Any CPU
		{3DB8246D-FCDE-43D7-B7FF-F95520A795CD}.Debug|Any CPU.Build.0 = Debug|Any CPU
		{3DB8246D-FCDE-43D7-B7FF-F95520A795CD}.Release|Any CPU.ActiveCfg = Release|Any CPU
		{3DB8246D-FCDE-43D7-B7FF-F95520A795CD}.Release|Any CPU.Build.0 = Release|Any CPU
		{8D6D3AF0-A622-4A1E-A974-FCF02894E00F}.Debug|Any CPU.ActiveCfg = Debug|Any CPU
		{8D6D3AF0-A622-4A1E-A974-FCF02894E00F}.Debug|Any CPU.Build.0 = Debug|Any CPU
		{8D6D3AF0-A622-4A1E-A974-FCF02894E00F}.Release|Any CPU.ActiveCfg = Release|Any CPU
		{8D6D3AF0-A622-4A1E-A974-FCF02894E00F}.Release|Any CPU.Build.0 = Release|Any CPU
		{53CA0EE4-7081-4736-8591-9B9AB02BD347}.Debug|Any CPU.ActiveCfg = Debug|Any CPU
		{53CA0EE4-7081-4736-8591-9B9AB02BD347}.Debug|Any CPU.Build.0 = Debug|Any CPU
		{53CA0EE4-7081-4736-8591-9B9AB02BD347}.Release|Any CPU.ActiveCfg = Release|Any CPU
		{53CA0EE4-7081-4736-8591-9B9AB02BD347}.Release|Any CPU.Build.0 = Release|Any CPU
		{E3997E63-3A84-4D2B-8523-7DE0CBB4EDA6}.Debug|Any CPU.ActiveCfg = Debug|Any CPU
		{E3997E63-3A84-4D2B-8523-7DE0CBB4EDA6}.Debug|Any CPU.Build.0 = Debug|Any CPU
		{E3997E63-3A84-4D2B-8523-7DE0CBB4EDA6}.Release|Any CPU.ActiveCfg = Release|Any CPU
		{E3997E63-3A84-4D2B-8523-7DE0CBB4EDA6}.Release|Any CPU.Build.0 = Release|Any CPU
		{EEB5E513-1427-4BE1-9FA0-6D67C3A0B62C}.Debug|Any CPU.ActiveCfg = Debug|Any CPU
		{EEB5E513-1427-4BE1-9FA0-6D67C3A0B62C}.Debug|Any CPU.Build.0 = Debug|Any CPU
		{EEB5E513-1427-4BE1-9FA0-6D67C3A0B62C}.Release|Any CPU.ActiveCfg = Release|Any CPU
		{EEB5E513-1427-4BE1-9FA0-6D67C3A0B62C}.Release|Any CPU.Build.0 = Release|Any CPU
		{6921E709-B718-44D2-96CD-D6100BC8F629}.Debug|Any CPU.ActiveCfg = Debug|Any CPU
		{6921E709-B718-44D2-96CD-D6100BC8F629}.Debug|Any CPU.Build.0 = Debug|Any CPU
		{6921E709-B718-44D2-96CD-D6100BC8F629}.Release|Any CPU.ActiveCfg = Release|Any CPU
		{6921E709-B718-44D2-96CD-D6100BC8F629}.Release|Any CPU.Build.0 = Release|Any CPU
	EndGlobalSection
	GlobalSection(SolutionProperties) = preSolution
		HideSolutionNode = FALSE
	EndGlobalSection
	GlobalSection(NestedProjects) = preSolution
		{F1E499E7-DDDB-4EC6-8A09-F7AA3A9FDE47} = {3297F29E-8FD1-48A3-B810-260002520071}
		{CF7199EE-4A4F-45C1-AE05-EC2E75ED9D10} = {3BE00B75-9998-4C6D-86E8-0FC07AF0952C}
		{897F4A96-5F9F-4242-8F01-B37B6B078B91} = {3BE00B75-9998-4C6D-86E8-0FC07AF0952C}
		{2885C832-420C-467B-AD0E-5580E8C6C8A5} = {3297F29E-8FD1-48A3-B810-260002520071}
		{FEA1F2F4-AACA-46C1-B9DE-8E86E40A99A8} = {B72D5A24-560B-44AF-8D84-051BCF6287C4}
		{29F15C98-F8C3-4314-8ACB-9895BD8C3A5B} = {B72D5A24-560B-44AF-8D84-051BCF6287C4}
		{986B610A-942E-43DB-8813-0302A8A8A52E} = {4AB0B8C5-4AC1-4E3A-8486-42F8AA66C7B3}
		{C7B42267-68F1-41CA-B927-473867FAF88D} = {4AB0B8C5-4AC1-4E3A-8486-42F8AA66C7B3}
		{453485DF-87CD-49A0-9082-BC98D5FB316F} = {8DB5CD27-8096-45B3-AA4B-49D41B041B5C}
		{B38A5040-CB57-49C4-8358-4D0A721A1CD9} = {8DB5CD27-8096-45B3-AA4B-49D41B041B5C}
		{3DB8246D-FCDE-43D7-B7FF-F95520A795CD} = {EE90FD0C-05A6-4F96-B8BD-7D0E7C4AA340}
		{8D6D3AF0-A622-4A1E-A974-FCF02894E00F} = {EE90FD0C-05A6-4F96-B8BD-7D0E7C4AA340}
		{53CA0EE4-7081-4736-8591-9B9AB02BD347} = {3FAA6E68-7A9C-471A-B3DF-FB2155240904}
		{E3997E63-3A84-4D2B-8523-7DE0CBB4EDA6} = {3FAA6E68-7A9C-471A-B3DF-FB2155240904}
		{EEB5E513-1427-4BE1-9FA0-6D67C3A0B62C} = {3F1911EC-5CED-4326-9934-59F36B277E2A}
		{6921E709-B718-44D2-96CD-D6100BC8F629} = {3F1911EC-5CED-4326-9934-59F36B277E2A}
	EndGlobalSection
	GlobalSection(ExtensibilityGlobals) = postSolution
		SolutionGuid = {A17BD90E-93EE-4686-A76A-DA0AA8785AC4}
	EndGlobalSection
EndGlobal
